
Microsoft Visual Studio Solution File, Format Version 12.00
# Visual Studio Version 16
VisualStudioVersion = 16.0.33927.289
MinimumVisualStudioVersion = 10.0.40219.1
Project("{2150E333-8FDC-42A3-9474-1A3956D46DE8}") = "Task0", "Task0", "{8DF01591-66E8-4BE1-AB72-40E902D62F9D}"
EndProject
Project("{FAE04EC0-301F-11D3-BF4B-00C04F79EFBC}") = "Tyuiu.ZuborevDA.Sprint3.Task0.V1", "Tyuiu.ZuborevDA.Sprint3.Task0.V1\Tyuiu.ZuborevDA.Sprint3.Task0.V1.csproj", "{83A0BC5E-98E7-4BD8-88F1-3AEB2AD34A79}"
EndProject
Project("{FAE04EC0-301F-11D3-BF4B-00C04F79EFBC}") = "Tyuiu.ZuborevDA.Sprint3.Task0.V1.Lib", "Tyuiu.ZuborevDA.Sprint3.Task0.V1.Lib\Tyuiu.ZuborevDA.Sprint3.Task0.V1.Lib.csproj", "{426B8E0E-1805-49A3-903A-1939BA7CDC81}"
EndProject
Project("{FAE04EC0-301F-11D3-BF4B-00C04F79EFBC}") = "Tyuiu.ZuborevDA.Sprint3.Task0.V1.Test", "Tyuiu.ZuborevDA.Sprint3.Task0.V1.Test\Tyuiu.ZuborevDA.Sprint3.Task0.V1.Test.csproj", "{07C046BE-EAA2-4F55-A37B-667388AB2217}"
EndProject
Project("{2150E333-8FDC-42A3-9474-1A3956D46DE8}") = "Task4", "Task4", "{787FBA0E-8231-4B48-ADC8-69BE963EF10A}"
EndProject
Project("{FAE04EC0-301F-11D3-BF4B-00C04F79EFBC}") = "Tyuiu.ZuborevDA.Sprint3.Task4.V1.Lib", "Tyuiu.ZuborevDA.Sprint3.Task4.V1.Lib\Tyuiu.ZuborevDA.Sprint3.Task4.V1.Lib.csproj", "{5E88C96B-E0D3-4CC6-9175-EED650406873}"
EndProject
Project("{FAE04EC0-301F-11D3-BF4B-00C04F79EFBC}") = "Tyuiu.ZuborevDA.Sprint3.Task4.V1", "Tyuiu.ZuborevDA.Sprint3.Task4.V1\Tyuiu.ZuborevDA.Sprint3.Task4.V1.csproj", "{38F35250-3EB6-4165-BF15-447FF30D43AB}"
EndProject
Project("{FAE04EC0-301F-11D3-BF4B-00C04F79EFBC}") = "Tyuiu.ZuborevDA.Sprint3.Task4.V1.Test", "Tyuiu.ZuborevDA.Sprint3.Task4.V1.Test\Tyuiu.ZuborevDA.Sprint3.Task4.V1.Test.csproj", "{8A2E5D26-86C7-4AE1-8B96-7C77BD6FC549}"
EndProject
Global
	GlobalSection(SolutionConfigurationPlatforms) = preSolution
		Debug|Any CPU = Debug|Any CPU
		Release|Any CPU = Release|Any CPU
	EndGlobalSection
	GlobalSection(ProjectConfigurationPlatforms) = postSolution
		{83A0BC5E-98E7-4BD8-88F1-3AEB2AD34A79}.Debug|Any CPU.ActiveCfg = Debug|Any CPU
		{83A0BC5E-98E7-4BD8-88F1-3AEB2AD34A79}.Debug|Any CPU.Build.0 = Debug|Any CPU
		{83A0BC5E-98E7-4BD8-88F1-3AEB2AD34A79}.Release|Any CPU.ActiveCfg = Release|Any CPU
		{83A0BC5E-98E7-4BD8-88F1-3AEB2AD34A79}.Release|Any CPU.Build.0 = Release|Any CPU
		{426B8E0E-1805-49A3-903A-1939BA7CDC81}.Debug|Any CPU.ActiveCfg = Debug|Any CPU
		{426B8E0E-1805-49A3-903A-1939BA7CDC81}.Debug|Any CPU.Build.0 = Debug|Any CPU
		{426B8E0E-1805-49A3-903A-1939BA7CDC81}.Release|Any CPU.ActiveCfg = Release|Any CPU
		{426B8E0E-1805-49A3-903A-1939BA7CDC81}.Release|Any CPU.Build.0 = Release|Any CPU
		{07C046BE-EAA2-4F55-A37B-667388AB2217}.Debug|Any CPU.ActiveCfg = Debug|Any CPU
		{07C046BE-EAA2-4F55-A37B-667388AB2217}.Debug|Any CPU.Build.0 = Debug|Any CPU
		{07C046BE-EAA2-4F55-A37B-667388AB2217}.Release|Any CPU.ActiveCfg = Release|Any CPU
		{07C046BE-EAA2-4F55-A37B-667388AB2217}.Release|Any CPU.Build.0 = Release|Any CPU
		{5E88C96B-E0D3-4CC6-9175-EED650406873}.Debug|Any CPU.ActiveCfg = Debug|Any CPU
		{5E88C96B-E0D3-4CC6-9175-EED650406873}.Debug|Any CPU.Build.0 = Debug|Any CPU
		{5E88C96B-E0D3-4CC6-9175-EED650406873}.Release|Any CPU.ActiveCfg = Release|Any CPU
		{5E88C96B-E0D3-4CC6-9175-EED650406873}.Release|Any CPU.Build.0 = Release|Any CPU
		{38F35250-3EB6-4165-BF15-447FF30D43AB}.Debug|Any CPU.ActiveCfg = Debug|Any CPU
		{38F35250-3EB6-4165-BF15-447FF30D43AB}.Debug|Any CPU.Build.0 = Debug|Any CPU
		{38F35250-3EB6-4165-BF15-447FF30D43AB}.Release|Any CPU.ActiveCfg = Release|Any CPU
		{38F35250-3EB6-4165-BF15-447FF30D43AB}.Release|Any CPU.Build.0 = Release|Any CPU
		{8A2E5D26-86C7-4AE1-8B96-7C77BD6FC549}.Debug|Any CPU.ActiveCfg = Debug|Any CPU
		{8A2E5D26-86C7-4AE1-8B96-7C77BD6FC549}.Debug|Any CPU.Build.0 = Debug|Any CPU
		{8A2E5D26-86C7-4AE1-8B96-7C77BD6FC549}.Release|Any CPU.ActiveCfg = Release|Any CPU
		{8A2E5D26-86C7-4AE1-8B96-7C77BD6FC549}.Release|Any CPU.Build.0 = Release|Any CPU
	EndGlobalSection
	GlobalSection(SolutionProperties) = preSolution
		HideSolutionNode = FALSE
	EndGlobalSection
	GlobalSection(NestedProjects) = preSolution
		{83A0BC5E-98E7-4BD8-88F1-3AEB2AD34A79} = {8DF01591-66E8-4BE1-AB72-40E902D62F9D}
		{426B8E0E-1805-49A3-903A-1939BA7CDC81} = {8DF01591-66E8-4BE1-AB72-40E902D62F9D}
		{07C046BE-EAA2-4F55-A37B-667388AB2217} = {8DF01591-66E8-4BE1-AB72-40E902D62F9D}
		{5E88C96B-E0D3-4CC6-9175-EED650406873} = {787FBA0E-8231-4B48-ADC8-69BE963EF10A}
		{38F35250-3EB6-4165-BF15-447FF30D43AB} = {787FBA0E-8231-4B48-ADC8-69BE963EF10A}
		{8A2E5D26-86C7-4AE1-8B96-7C77BD6FC549} = {787FBA0E-8231-4B48-ADC8-69BE963EF10A}
	EndGlobalSection
	GlobalSection(ExtensibilityGlobals) = postSolution
		SolutionGuid = {14B5B67B-68A4-4AB3-AE98-026F564D33C6}
	EndGlobalSection
EndGlobal
